
Microsoft Visual Studio Solution File, Format Version 12.00
# Visual Studio Version 16
VisualStudioVersion = 16.0.30011.22
MinimumVisualStudioVersion = 10.0.40219.1
Project("{9A19103F-16F7-4668-BE54-9A1E7A4F7556}") = "WebAppBD", "WebAppBD\WebAppBD.csproj", "{D4FCFED1-C83D-4743-858D-63A46DEEF3AA}"
EndProject
Global
	GlobalSection(SolutionConfigurationPlatforms) = preSolution
		Debug|Any CPU = Debug|Any CPU
		Release|Any CPU = Release|Any CPU
	EndGlobalSection
	GlobalSection(ProjectConfigurationPlatforms) = postSolution
		{D4FCFED1-C83D-4743-858D-63A46DEEF3AA}.Debug|Any CPU.ActiveCfg = Debug|Any CPU
		{D4FCFED1-C83D-4743-858D-63A46DEEF3AA}.Debug|Any CPU.Build.0 = Debug|Any CPU
		{D4FCFED1-C83D-4743-858D-63A46DEEF3AA}.Release|Any CPU.ActiveCfg = Release|Any CPU
		{D4FCFED1-C83D-4743-858D-63A46DEEF3AA}.Release|Any CPU.Build.0 = Release|Any CPU
	EndGlobalSection
	GlobalSection(SolutionProperties) = preSolution
		HideSolutionNode = FALSE
	EndGlobalSection
	GlobalSection(ExtensibilityGlobals) = postSolution
		SolutionGuid = {A630C1FB-452D-45CC-B23C-A22B585A04D2}
	EndGlobalSection
	GlobalSection(TeamFoundationVersionControl) = preSolution
		SccNumberOfProjects = 2
		SccEnterpriseProvider = {4CA58AB2-18FA-4F8D-95D4-32DDF27D184C}
		SccTeamFoundationServer = https://dev.azure.com/vivianalopezturcios
		SccLocalPath0 = .
		SccProjectUniqueName1 = WebAppBD\\WebAppBD.csproj
		SccProjectName1 = WebAppBD
		SccLocalPath1 = WebAppBD
	EndGlobalSection
EndGlobal
